// !$*UTF8*$!
{
	archiveVersion = 1;
	classes = {
	};
	objectVersion = 56;
	objects = {

/* Begin PBXBuildFile section */
		82C9AAEBF330EA1E81251A00 /* OpenCodeUsageBar.swift */ = {isa = PBXBuildFile; fileRef = 8A5FA62F001E6CD7CC7A4E89; };
		06404C4AF60C860360A6470D /* UsageFetcher.swift */ = {isa = PBXBuildFile; fileRef = C8442FD96C58DB03F400D649; };
		75A22BF9C923656575E7BC74 /* AppGroupHelper.swift */ = {isa = PBXBuildFile; fileRef = A89F5D1A036A4D0ED1A215C7; };
		ED4EF6C02CB357DA545A6E24 /* AppGroupHelper.swift in Widget */ = {isa = PBXBuildFile; fileRef = A89F5D1A036A4D0ED1A215C7; };
		5694A430BB4631D21A0BD0DB /* Provider.swift */ = {isa = PBXBuildFile; fileRef = 7F28890294F4F2CEA931EDCC; };
		D3CACE9DB5E6D81DEC5555AD /* WidgetViews.swift */ = {isa = PBXBuildFile; fileRef = 83F88B1A40A9922E189F873F; };
		B0B3F68D1A34405A525AA606 /* WidgetBundle.swift */ = {isa = PBXBuildFile; fileRef = 794BB16FF239928E64355D42; };
		523BFB66E759D0F478C61702 /* Widget in Embed */ = {isa = PBXBuildFile; fileRef = 1E7E09F6F59B0D4D7A09BC16; settings = {ATTRIBUTES = (RemoveHeadersOnCopy, ); }; };
/* End PBXBuildFile section */

/* Begin PBXFileReference section */
		E7A1DE34D9038E37B8AA0A97 /* OpenCode Usage.app */ = {isa = PBXFileReference; explicitFileType = wrapper.application; includeInIndex = 0; path = "OpenCode Usage.app"; sourceTree = BUILT_PRODUCTS_DIR; };
		1E7E09F6F59B0D4D7A09BC16 /* OpenCodeWidgetExtension.appex */ = {isa = PBXFileReference; explicitFileType = "wrapper.app-extension"; includeInIndex = 0; path = OpenCodeWidgetExtension.appex; sourceTree = BUILT_PRODUCTS_DIR; };
		8A5FA62F001E6CD7CC7A4E89 /* OpenCodeUsageBar.swift */ = {isa = PBXFileReference; path = App/OpenCodeUsageBar.swift; sourceTree = "<group>"; };
		DAE95F30FEE558549B59ED34 /* Info.plist */ = {isa = PBXFileReference; path = App/Info.plist; sourceTree = "<group>"; };
		8845B84C31AD8E7F186CCD82 /* App.entitlements */ = {isa = PBXFileReference; path = App/App.entitlements; sourceTree = "<group>"; };
		C8442FD96C58DB03F400D649 /* UsageFetcher.swift */ = {isa = PBXFileReference; path = Shared/UsageFetcher.swift; sourceTree = "<group>"; };
		A89F5D1A036A4D0ED1A215C7 /* AppGroupHelper.swift */ = {isa = PBXFileReference; path = Shared/AppGroupHelper.swift; sourceTree = "<group>"; };
		7F28890294F4F2CEA931EDCC /* Provider.swift */ = {isa = PBXFileReference; path = WidgetExtension/Provider.swift; sourceTree = "<group>"; };
		83F88B1A40A9922E189F873F /* WidgetViews.swift */ = {isa = PBXFileReference; path = WidgetExtension/WidgetViews.swift; sourceTree = "<group>"; };
		794BB16FF239928E64355D42 /* WidgetBundle.swift */ = {isa = PBXFileReference; path = WidgetExtension/WidgetBundle.swift; sourceTree = "<group>"; };
		4DD38507A1451C17740130CB /* Info.plist */ = {isa = PBXFileReference; path = WidgetExtension/Info.plist; sourceTree = "<group>"; };
		1A62F29B970153E7F2CDACE4 /* Widget.entitlements */ = {isa = PBXFileReference; path = WidgetExtension/Widget.entitlements; sourceTree = "<group>"; };
/* End PBXFileReference section */

/* Begin PBXGroup section */
		0A85897F1A32FE9B91C081CD = {isa = PBXGroup; children = (3DFE442710E429386E53D077, D1E034B8DB47876DC6E7FED3, FC1A8818F8805D28F3E6F6DF, B88D7E26791946AEFDCC8BB7); sourceTree = "<group>"; };
		3DFE442710E429386E53D077 = {isa = PBXGroup; children = (8A5FA62F001E6CD7CC7A4E89, DAE95F30FEE558549B59ED34, 8845B84C31AD8E7F186CCD82); sourceTree = "<group>"; };
		D1E034B8DB47876DC6E7FED3 = {isa = PBXGroup; children = (7F28890294F4F2CEA931EDCC, 83F88B1A40A9922E189F873F, 794BB16FF239928E64355D42, 4DD38507A1451C17740130CB, 1A62F29B970153E7F2CDACE4); sourceTree = "<group>"; };
		FC1A8818F8805D28F3E6F6DF = {isa = PBXGroup; children = (C8442FD96C58DB03F400D649, A89F5D1A036A4D0ED1A215C7); sourceTree = "<group>"; };
		B88D7E26791946AEFDCC8BB7 = {isa = PBXGroup; children = (E7A1DE34D9038E37B8AA0A97, 1E7E09F6F59B0D4D7A09BC16); name = Products; sourceTree = "<group>"; };
/* End PBXGroup section */

/* Begin PBXNativeTarget section */
		9F9C49C79EBAC45500E52663 = {isa = PBXNativeTarget; buildConfigurationList = 821683190F4188342CC9A96B; buildPhases = (DA0052620756B38ED82024FE, 944FFA62E94063ACF8326ED6, 79266744EB720B5B7651AC47); buildRules = (); dependencies = (); name = "OpenCode Usage"; productName = "OpenCode Usage"; productReference = E7A1DE34D9038E37B8AA0A97; productType = "com.apple.product-type.application"; };
		B96D94A2CBB1822C9B8F3782 = {isa = PBXNativeTarget; buildConfigurationList = E43FC5101CD8F5DDF5ADFB25; buildPhases = (48A2903919C8FD09B5F558CD, 7C15D919CA67ED8118572310); buildRules = (); dependencies = (); name = OpenCodeWidgetExtension; productName = OpenCodeWidgetExtension; productReference = 1E7E09F6F59B0D4D7A09BC16; productType = "com.apple.product-type.app-extension"; };
/* End PBXNativeTarget section */

/* Begin PBXProject section */
		71979C0F870BEF1A349CF3F3 = {isa = PBXProject; attributes = {BuildIndependentTargetsInParallel = YES; LastSwiftUpdateCheck = 1600; LastUpgradeCheck = 1600; }; buildConfigurationList = 22B2B3FE2898D04F220DBC58; compatibilityVersion = "Xcode 14.0"; developmentRegion = en; hasScannedForEncodings = 0; knownRegions = (en, Base); mainGroup = 0A85897F1A32FE9B91C081CD; productRefGroup = B88D7E26791946AEFDCC8BB7; projectDirPath = ""; projectRoot = ""; targets = (9F9C49C79EBAC45500E52663, B96D94A2CBB1822C9B8F3782); };
/* End PBXProject section */

/* Begin PBXSourcesBuildPhase section */
		DA0052620756B38ED82024FE = {isa = PBXSourcesBuildPhase; buildActionMask = 2147483647; files = (82C9AAEBF330EA1E81251A00, 06404C4AF60C860360A6470D, 75A22BF9C923656575E7BC74); runOnlyForDeploymentPostprocessing = 0; };
		48A2903919C8FD09B5F558CD = {isa = PBXSourcesBuildPhase; buildActionMask = 2147483647; files = (5694A430BB4631D21A0BD0DB, D3CACE9DB5E6D81DEC5555AD, B0B3F68D1A34405A525AA606, ED4EF6C02CB357DA545A6E24); runOnlyForDeploymentPostprocessing = 0; };
/* End PBXSourcesBuildPhase section */

/* Begin PBXFrameworksBuildPhase section */
		944FFA62E94063ACF8326ED6 = {isa = PBXFrameworksBuildPhase; buildActionMask = 2147483647; files = (); runOnlyForDeploymentPostprocessing = 0; };
		7C15D919CA67ED8118572310 = {isa = PBXFrameworksBuildPhase; buildActionMask = 2147483647; files = (); runOnlyForDeploymentPostprocessing = 0; };
/* End PBXFrameworksBuildPhase section */

/* Begin PBXCopyFilesBuildPhase section */
		79266744EB720B5B7651AC47 = {isa = PBXCopyFilesBuildPhase; buildActionMask = 2147483647; dstPath = ""; dstSubfolderSpec = 13; files = (523BFB66E759D0F478C61702); runOnlyForDeploymentPostprocessing = 0; };
/* End PBXCopyFilesBuildPhase section */

/* Begin XCBuildConfiguration section */
		AF0A65BA7807AF8DBEB72761 = {isa = XCBuildConfiguration; buildSettings = {ALWAYS_SEARCH_USER_PATHS = NO; CLANG_ANALYZER_NONNULL = YES; CLANG_CXX_LANGUAGE_STANDARD = "gnu++20"; CLANG_ENABLE_MODULES = YES; CLANG_ENABLE_OBJC_ARC = YES; COPY_PHASE_STRIP = NO; DEBUG_INFORMATION_FORMAT = dwarf; ENABLE_STRICT_OBJC_MSGSEND = YES; ENABLE_TESTABILITY = YES; GCC_DYNAMIC_NO_PIC = NO; GCC_OPTIMIZATION_LEVEL = 0; GCC_PREPROCESSOR_DEFINITIONS = ("DEBUG=1", "$(inherited)"); MACOSX_DEPLOYMENT_TARGET = 14.0; MTL_ENABLE_DEBUG_INFO = INCLUDE_SOURCE; ONLY_ACTIVE_ARCH = YES; SDKROOT = macosx; SWIFT_ACTIVE_COMPILATION_CONDITIONS = (DEBUG, "$(inherited)"); SWIFT_OPTIMIZATION_LEVEL = "-Onone"; SWIFT_VERSION = 5.0; }; name = Debug; };
		DD8D5369EB73B6CB6D4E1528 = {isa = XCBuildConfiguration; buildSettings = {ALWAYS_SEARCH_USER_PATHS = NO; CLANG_ANALYZER_NONNULL = YES; CLANG_CXX_LANGUAGE_STANDARD = "gnu++20"; CLANG_ENABLE_MODULES = YES; CLANG_ENABLE_OBJC_ARC = YES; COPY_PHASE_STRIP = NO; DEBUG_INFORMATION_FORMAT = "dwarf-with-dsym"; ENABLE_NS_ASSERTIONS = NO; ENABLE_STRICT_OBJC_MSGSEND = YES; GCC_OPTIMIZATION_LEVEL = s; MACOSX_DEPLOYMENT_TARGET = 14.0; MTL_ENABLE_DEBUG_INFO = NO; SDKROOT = macosx; SWIFT_COMPILATION_MODE = wholemodule; SWIFT_OPTIMIZATION_LEVEL = "-O"; SWIFT_VERSION = 5.0; }; name = Release; };
		4B8ECE1AC5803520ED3DEC20 = {isa = XCBuildConfiguration; buildSettings = {ASSETCATALOG_COMPILER_GENERATE_SWIFT_ASSET_SYMBOL_EXTENSIONS = YES; CLANG_ENABLE_MODULES = YES; CODE_SIGN_ENTITLEMENTS = App/App.entitlements; CODE_SIGN_STYLE = Automatic; INFOPLIST_FILE = App/Info.plist; MACOSX_DEPLOYMENT_TARGET = 14.0; PRODUCT_BUNDLE_IDENTIFIER = com.flywinter.opencode-usage-bar; PRODUCT_NAME = "$(TARGET_NAME)"; SDKROOT = macosx; SWIFT_OPTIMIZATION_LEVEL = "-Onone"; SWIFT_VERSION = 5.0; }; name = Debug; };
		22030FC1679938CB429E61AC = {isa = XCBuildConfiguration; buildSettings = {ASSETCATALOG_COMPILER_GENERATE_SWIFT_ASSET_SYMBOL_EXTENSIONS = YES; CLANG_ENABLE_MODULES = YES; CODE_SIGN_ENTITLEMENTS = App/App.entitlements; CODE_SIGN_STYLE = Automatic; INFOPLIST_FILE = App/Info.plist; MACOSX_DEPLOYMENT_TARGET = 14.0; PRODUCT_BUNDLE_IDENTIFIER = com.flywinter.opencode-usage-bar; PRODUCT_NAME = "$(TARGET_NAME)"; SDKROOT = macosx; SWIFT_VERSION = 5.0; }; name = Release; };
		12E9D4FAC13B9EE6345467FE = {isa = XCBuildConfiguration; buildSettings = {ASSETCATALOG_COMPILER_GENERATE_SWIFT_ASSET_SYMBOL_EXTENSIONS = YES; CLANG_ENABLE_MODULES = YES; CODE_SIGN_ENTITLEMENTS = WidgetExtension/Widget.entitlements; CODE_SIGN_STYLE = Automatic; INFOPLIST_FILE = WidgetExtension/Info.plist; MACOSX_DEPLOYMENT_TARGET = 14.0; PRODUCT_BUNDLE_IDENTIFIER = com.flywinter.opencode-usage-bar.widget; PRODUCT_NAME = "$(TARGET_NAME)"; SDKROOT = macosx; SWIFT_OPTIMIZATION_LEVEL = "-Onone"; SWIFT_VERSION = 5.0; }; name = Debug; };
		3AF29AE07611071546D77881 = {isa = XCBuildConfiguration; buildSettings = {ASSETCATALOG_COMPILER_GENERATE_SWIFT_ASSET_SYMBOL_EXTENSIONS = YES; CLANG_ENABLE_MODULES = YES; CODE_SIGN_ENTITLEMENTS = WidgetExtension/Widget.entitlements; CODE_SIGN_STYLE = Automatic; INFOPLIST_FILE = WidgetExtension/Info.plist; MACOSX_DEPLOYMENT_TARGET = 14.0; PRODUCT_BUNDLE_IDENTIFIER = com.flywinter.opencode-usage-bar.widget; PRODUCT_NAME = "$(TARGET_NAME)"; SDKROOT = macosx; SWIFT_VERSION = 5.0; }; name = Release; };
/* End XCBuildConfiguration section */

/* Begin XCConfigurationList section */
		22B2B3FE2898D04F220DBC58 = {isa = XCConfigurationList; buildConfigurations = (AF0A65BA7807AF8DBEB72761, DD8D5369EB73B6CB6D4E1528); defaultConfigurationIsVisible = 0; defaultConfigurationName = Release; };
		821683190F4188342CC9A96B = {isa = XCConfigurationList; buildConfigurations = (4B8ECE1AC5803520ED3DEC20, 22030FC1679938CB429E61AC); defaultConfigurationIsVisible = 0; defaultConfigurationName = Release; };
		E43FC5101CD8F5DDF5ADFB25 = {isa = XCConfigurationList; buildConfigurations = (12E9D4FAC13B9EE6345467FE, 3AF29AE07611071546D77881); defaultConfigurationIsVisible = 0; defaultConfigurationName = Release; };
/* End XCConfigurationList section */
	};
	rootObject = 71979C0F870BEF1A349CF3F3;
}
